
Microsoft Visual Studio Solution File, Format Version 12.00
# Visual Studio 2012
Project("{FAE04EC0-301F-11D3-BF4B-00C04F79EFBC}") = "01-Hello-World", "01-exercise\01-Hello-World.csproj", "{A00D7605-95F9-4E93-9EBF-29CB68E1CEC8}"
EndProject
Project("{FAE04EC0-301F-11D3-BF4B-00C04F79EFBC}") = "02-input", "02-input\02-input.csproj", "{12AAFD5F-57FF-4CBF-BF0C-795AB4B275CD}"
EndProject
Project("{FAE04EC0-301F-11D3-BF4B-00C04F79EFBC}") = "03-user-input", "03-user-input\03-user-input.csproj", "{FF69FB6C-7755-4D61-8EDA-B59145D81FA8}"
EndProject
Project("{FAE04EC0-301F-11D3-BF4B-00C04F79EFBC}") = "04-ask-and-calculate", "04-ask-and-calculate\04-ask-and-calculate.csproj", "{E7BE46E6-BD65-4221-9635-2947AC3FC79F}"
EndProject
Project("{FAE04EC0-301F-11D3-BF4B-00C04F79EFBC}") = "05-if-else", "05-if-else\05-if-else.csproj", "{1BDBDA5D-86A2-443D-B8F8-3B16FD862A0A}"
EndProject
Project("{FAE04EC0-301F-11D3-BF4B-00C04F79EFBC}") = "08-excuses", "08-excuses\08-excuses.csproj", "{DE5A1290-EC7E-4F9D-851D-3B887DDEB680}"
EndProject
Global
	GlobalSection(SolutionConfigurationPlatforms) = preSolution
		Debug|x86 = Debug|x86
		Release|x86 = Release|x86
	EndGlobalSection
	GlobalSection(ProjectConfigurationPlatforms) = postSolution
		{A00D7605-95F9-4E93-9EBF-29CB68E1CEC8}.Debug|x86.ActiveCfg = Debug|x86
		{A00D7605-95F9-4E93-9EBF-29CB68E1CEC8}.Debug|x86.Build.0 = Debug|x86
		{A00D7605-95F9-4E93-9EBF-29CB68E1CEC8}.Release|x86.ActiveCfg = Release|x86
		{A00D7605-95F9-4E93-9EBF-29CB68E1CEC8}.Release|x86.Build.0 = Release|x86
		{12AAFD5F-57FF-4CBF-BF0C-795AB4B275CD}.Debug|x86.ActiveCfg = Debug|x86
		{12AAFD5F-57FF-4CBF-BF0C-795AB4B275CD}.Debug|x86.Build.0 = Debug|x86
		{12AAFD5F-57FF-4CBF-BF0C-795AB4B275CD}.Release|x86.ActiveCfg = Release|x86
		{12AAFD5F-57FF-4CBF-BF0C-795AB4B275CD}.Release|x86.Build.0 = Release|x86
		{FF69FB6C-7755-4D61-8EDA-B59145D81FA8}.Debug|x86.ActiveCfg = Debug|x86
		{FF69FB6C-7755-4D61-8EDA-B59145D81FA8}.Debug|x86.Build.0 = Debug|x86
		{FF69FB6C-7755-4D61-8EDA-B59145D81FA8}.Release|x86.ActiveCfg = Release|x86
		{FF69FB6C-7755-4D61-8EDA-B59145D81FA8}.Release|x86.Build.0 = Release|x86
		{E7BE46E6-BD65-4221-9635-2947AC3FC79F}.Debug|x86.ActiveCfg = Debug|x86
		{E7BE46E6-BD65-4221-9635-2947AC3FC79F}.Debug|x86.Build.0 = Debug|x86
		{E7BE46E6-BD65-4221-9635-2947AC3FC79F}.Release|x86.ActiveCfg = Release|x86
		{E7BE46E6-BD65-4221-9635-2947AC3FC79F}.Release|x86.Build.0 = Release|x86
		{1BDBDA5D-86A2-443D-B8F8-3B16FD862A0A}.Debug|x86.ActiveCfg = Debug|x86
		{1BDBDA5D-86A2-443D-B8F8-3B16FD862A0A}.Debug|x86.Build.0 = Debug|x86
		{1BDBDA5D-86A2-443D-B8F8-3B16FD862A0A}.Release|x86.ActiveCfg = Release|x86
		{1BDBDA5D-86A2-443D-B8F8-3B16FD862A0A}.Release|x86.Build.0 = Release|x86
		{DE5A1290-EC7E-4F9D-851D-3B887DDEB680}.Debug|x86.ActiveCfg = Debug|x86
		{DE5A1290-EC7E-4F9D-851D-3B887DDEB680}.Debug|x86.Build.0 = Debug|x86
		{DE5A1290-EC7E-4F9D-851D-3B887DDEB680}.Release|x86.ActiveCfg = Release|x86
		{DE5A1290-EC7E-4F9D-851D-3B887DDEB680}.Release|x86.Build.0 = Release|x86
	EndGlobalSection
EndGlobal
